
Microsoft Visual Studio Solution File, Format Version 12.00
# Visual Studio Version 17
VisualStudioVersion = 17.3.32929.385
MinimumVisualStudioVersion = 10.0.40219.1
Project("{FAE04EC0-301F-11D3-BF4B-00C04F79EFBC}") = "Back", "Back.csproj", "{9A59002F-3887-4F63-8F97-7A4A87C6382D}"
EndProject
Project("{E53339B2-1760-4266-BCC7-CA923CBCF16C}") = "docker-compose", "docker-compose.dcproj", "{FDC0BC7A-2C9D-4725-B53D-EF1C7E54BB9E}"
EndProject
Global
	GlobalSection(SolutionConfigurationPlatforms) = preSolution
		Debug|Any CPU = Debug|Any CPU
		Release|Any CPU = Release|Any CPU
	EndGlobalSection
	GlobalSection(ProjectConfigurationPlatforms) = postSolution
		{9A59002F-3887-4F63-8F97-7A4A87C6382D}.Debug|Any CPU.ActiveCfg = Debug|Any CPU
		{9A59002F-3887-4F63-8F97-7A4A87C6382D}.Debug|Any CPU.Build.0 = Debug|Any CPU
		{9A59002F-3887-4F63-8F97-7A4A87C6382D}.Release|Any CPU.ActiveCfg = Release|Any CPU
		{9A59002F-3887-4F63-8F97-7A4A87C6382D}.Release|Any CPU.Build.0 = Release|Any CPU
		{FDC0BC7A-2C9D-4725-B53D-EF1C7E54BB9E}.Debug|Any CPU.ActiveCfg = Debug|Any CPU
		{FDC0BC7A-2C9D-4725-B53D-EF1C7E54BB9E}.Debug|Any CPU.Build.0 = Debug|Any CPU
		{FDC0BC7A-2C9D-4725-B53D-EF1C7E54BB9E}.Release|Any CPU.ActiveCfg = Release|Any CPU
		{FDC0BC7A-2C9D-4725-B53D-EF1C7E54BB9E}.Release|Any CPU.Build.0 = Release|Any CPU
	EndGlobalSection
	GlobalSection(SolutionProperties) = preSolution
		HideSolutionNode = FALSE
	EndGlobalSection
	GlobalSection(ExtensibilityGlobals) = postSolution
		SolutionGuid = {E5F035DA-B134-4BAA-A13F-F15565E0C845}
	EndGlobalSection
EndGlobal
